
Microsoft Visual Studio Solution File, Format Version 12.00
# Visual Studio Version 16
VisualStudioVersion = 16.0.29409.12
MinimumVisualStudioVersion = 10.0.40219.1
Project("{FAE04EC0-301F-11D3-BF4B-00C04F79EFBC}") = "ConsoleApp1", "ConsoleApp1.csproj", "{CA765F4A-A859-4301-9D60-D94872A8AB80}"
EndProject
Global
	GlobalSection(SolutionConfigurationPlatforms) = preSolution
		Debug|Any CPU = Debug|Any CPU
		Release|Any CPU = Release|Any CPU
	EndGlobalSection
	GlobalSection(ProjectConfigurationPlatforms) = postSolution
		{CA765F4A-A859-4301-9D60-D94872A8AB80}.Debug|Any CPU.ActiveCfg = Debug|Any CPU
		{CA765F4A-A859-4301-9D60-D94872A8AB80}.Debug|Any CPU.Build.0 = Debug|Any CPU
		{CA765F4A-A859-4301-9D60-D94872A8AB80}.Release|Any CPU.ActiveCfg = Release|Any CPU
		{CA765F4A-A859-4301-9D60-D94872A8AB80}.Release|Any CPU.Build.0 = Release|Any CPU
	EndGlobalSection
	GlobalSection(SolutionProperties) = preSolution
		HideSolutionNode = FALSE
	EndGlobalSection
	GlobalSection(ExtensibilityGlobals) = postSolution
		SolutionGuid = {F08E2C68-6FBC-455C-AC4C-C162EBAFC2CE}
	EndGlobalSection
EndGlobal
